
Microsoft Visual Studio Solution File, Format Version 12.00
# Visual Studio 15
VisualStudioVersion = 15.0.27428.2011
MinimumVisualStudioVersion = 10.0.40219.1
Project("{FAE04EC0-301F-11D3-BF4B-00C04F79EFBC}") = "CC-Lib", "CC-Lib\CC-Lib.csproj", "{9E4CE5E8-4C38-4A9E-99E5-7A64C95841FC}"
EndProject
Project("{FAE04EC0-301F-11D3-BF4B-00C04F79EFBC}") = "Test", "Test\Test.csproj", "{FBC9A6BE-6E19-4F72-8951-AFA675A20056}"
EndProject
Global
	GlobalSection(SolutionConfigurationPlatforms) = preSolution
		Debug|Any CPU = Debug|Any CPU
		Release|Any CPU = Release|Any CPU
	EndGlobalSection
	GlobalSection(ProjectConfigurationPlatforms) = postSolution
		{9E4CE5E8-4C38-4A9E-99E5-7A64C95841FC}.Debug|Any CPU.ActiveCfg = Debug|Any CPU
		{9E4CE5E8-4C38-4A9E-99E5-7A64C95841FC}.Debug|Any CPU.Build.0 = Debug|Any CPU
		{9E4CE5E8-4C38-4A9E-99E5-7A64C95841FC}.Release|Any CPU.ActiveCfg = Release|Any CPU
		{9E4CE5E8-4C38-4A9E-99E5-7A64C95841FC}.Release|Any CPU.Build.0 = Release|Any CPU
		{FBC9A6BE-6E19-4F72-8951-AFA675A20056}.Debug|Any CPU.ActiveCfg = Debug|Any CPU
		{FBC9A6BE-6E19-4F72-8951-AFA675A20056}.Debug|Any CPU.Build.0 = Debug|Any CPU
		{FBC9A6BE-6E19-4F72-8951-AFA675A20056}.Release|Any CPU.ActiveCfg = Release|Any CPU
		{FBC9A6BE-6E19-4F72-8951-AFA675A20056}.Release|Any CPU.Build.0 = Release|Any CPU
	EndGlobalSection
	GlobalSection(SolutionProperties) = preSolution
		HideSolutionNode = FALSE
	EndGlobalSection
	GlobalSection(ExtensibilityGlobals) = postSolution
		SolutionGuid = {5B55E487-426B-415E-8B6F-582DB02A1791}
	EndGlobalSection
EndGlobal
